// !$*UTF8*$!
{
	archiveVersion = 1;
	classes = {
	};
	objectVersion = 48;
	objects = {

/* Begin PBXBuildFile section */
		0FCDF0541FCD6B53004A57FD /* AppDelegate.swift in Sources */ = {isa = PBXBuildFile; fileRef = 0FCDF0531FCD6B53004A57FD /* AppDelegate.swift */; };
		0FCDF0561FCD6B53004A57FD /* ViewController.swift in Sources */ = {isa = PBXBuildFile; fileRef = 0FCDF0551FCD6B53004A57FD /* ViewController.swift */; };
		0FCDF0591FCD6B53004A57FD /* Main.storyboard in Resources */ = {isa = PBXBuildFile; fileRef = 0FCDF0571FCD6B53004A57FD /* Main.storyboard */; };
		0FCDF05B1FCD6B53004A57FD /* Assets.xcassets in Resources */ = {isa = PBXBuildFile; fileRef = 0FCDF05A1FCD6B53004A57FD /* Assets.xcassets */; };
		0FCDF05E1FCD6B53004A57FD /* LaunchScreen.storyboard in Resources */ = {isa = PBXBuildFile; fileRef = 0FCDF05C1FCD6B53004A57FD /* LaunchScreen.storyboard */; };
		0FCDF0691FCD6B53004A57FD /* JCDecauxProjectTests.swift in Sources */ = {isa = PBXBuildFile; fileRef = 0FCDF0681FCD6B53004A57FD /* JCDecauxProjectTests.swift */; };
		0FCDF0741FCD6B53004A57FD /* JCDecauxProjectUITests.swift in Sources */ = {isa = PBXBuildFile; fileRef = 0FCDF0731FCD6B53004A57FD /* JCDecauxProjectUITests.swift */; };
/* End PBXBuildFile section */

/* Begin PBXContainerItemProxy section */
		0FCDF0651FCD6B53004A57FD /* PBXContainerItemProxy */ = {
			isa = PBXContainerItemProxy;
			containerPortal = 0FCDF0481FCD6B53004A57FD /* Project object */;
			proxyType = 1;
			remoteGlobalIDString = 0FCDF04F1FCD6B53004A57FD;
			remoteInfo = JCDecauxProject;
		};
		0FCDF0701FCD6B53004A57FD /* PBXContainerItemProxy */ = {
			isa = PBXContainerItemProxy;
			containerPortal = 0FCDF0481FCD6B53004A57FD /* Project object */;
			proxyType = 1;
			remoteGlobalIDString = 0FCDF04F1FCD6B53004A57FD;
			remoteInfo = JCDecauxProject;
		};
/* End PBXContainerItemProxy section */

/* Begin PBXFileReference section */
		0FCDF0501FCD6B53004A57FD /* JCDecauxProject.app */ = {isa = PBXFileReference; explicitFileType = wrapper.application; includeInIndex = 0; path = JCDecauxProject.app; sourceTree = BUILT_PRODUCTS_DIR; };
		0FCDF0531FCD6B53004A57FD /* AppDelegate.swift */ = {isa = PBXFileReference; lastKnownFileType = sourcecode.swift; path = AppDelegate.swift; sourceTree = "<group>"; };
		0FCDF0551FCD6B53004A57FD /* ViewController.swift */ = {isa = PBXFileReference; lastKnownFileType = sourcecode.swift; path = ViewController.swift; sourceTree = "<group>"; };
		0FCDF0581FCD6B53004A57FD /* Base */ = {isa = PBXFileReference; lastKnownFileType = file.storyboard; name = Base; path = Base.lproj/Main.storyboard; sourceTree = "<group>"; };
		0FCDF05A1FCD6B53004A57FD /* Assets.xcassets */ = {isa = PBXFileReference; lastKnownFileType = folder.assetcatalog; path = Assets.xcassets; sourceTree = "<group>"; };
		0FCDF05D1FCD6B53004A57FD /* Base */ = {isa = PBXFileReference; lastKnownFileType = file.storyboard; name = Base; path = Base.lproj/LaunchScreen.storyboard; sourceTree = "<group>"; };
		0FCDF05F1FCD6B53004A57FD /* Info.plist */ = {isa = PBXFileReference; lastKnownFileType = text.plist.xml; path = Info.plist; sourceTree = "<group>"; };
		0FCDF0641FCD6B53004A57FD /* JCDecauxProjectTests.xctest */ = {isa = PBXFileReference; explicitFileType = wrapper.cfbundle; includeInIndex = 0; path = JCDecauxProjectTests.xctest; sourceTree = BUILT_PRODUCTS_DIR; };
		0FCDF0681FCD6B53004A57FD /* JCDecauxProjectTests.swift */ = {isa = PBXFileReference; lastKnownFileType = sourcecode.swift; path = JCDecauxProjectTests.swift; sourceTree = "<group>"; };
		0FCDF06A1FCD6B53004A57FD /* Info.plist */ = {isa = PBXFileReference; lastKnownFileType = text.plist.xml; path = Info.plist; sourceTree = "<group>"; };
		0FCDF06F1FCD6B53004A57FD /* JCDecauxProjectUITests.xctest */ = {isa = PBXFileReference; explicitFileType = wrapper.cfbundle; includeInIndex = 0; path = JCDecauxProjectUITests.xctest; sourceTree = BUILT_PRODUCTS_DIR; };
		0FCDF0731FCD6B53004A57FD /* JCDecauxProjectUITests.swift */ = {isa = PBXFileReference; lastKnownFileType = sourcecode.swift; path = JCDecauxProjectUITests.swift; sourceTree = "<group>"; };
		0FCDF0751FCD6B53004A57FD /* Info.plist */ = {isa = PBXFileReference; lastKnownFileType = text.plist.xml; path = Info.plist; sourceTree = "<group>"; };
/* End PBXFileReference section */

/* Begin PBXFrameworksBuildPhase section */
		0FCDF04D1FCD6B53004A57FD /* Frameworks */ = {
			isa = PBXFrameworksBuildPhase;
			buildActionMask = 2147483647;
			files = (
			);
			runOnlyForDeploymentPostprocessing = 0;
		};
		0FCDF0611FCD6B53004A57FD /* Frameworks */ = {
			isa = PBXFrameworksBuildPhase;
			buildActionMask = 2147483647;
			files = (
			);
			runOnlyForDeploymentPostprocessing = 0;
		};
		0FCDF06C1FCD6B53004A57FD /* Frameworks */ = {
			isa = PBXFrameworksBuildPhase;
			buildActionMask = 2147483647;
			files = (
			);
			runOnlyForDeploymentPostprocessing = 0;
		};
/* End PBXFrameworksBuildPhase section */

/* Begin PBXGroup section */
		0FCDF0471FCD6B53004A57FD = {
			isa = PBXGroup;
			children = (
				0FCDF0521FCD6B53004A57FD /* JCDecauxProject */,
				0FCDF0671FCD6B53004A57FD /* JCDecauxProjectTests */,
				0FCDF0721FCD6B53004A57FD /* JCDecauxProjectUITests */,
				0FCDF0511FCD6B53004A57FD /* Products */,
			);
			sourceTree = "<group>";
		};
		0FCDF0511FCD6B53004A57FD /* Products */ = {
			isa = PBXGroup;
			children = (
				0FCDF0501FCD6B53004A57FD /* JCDecauxProject.app */,
				0FCDF0641FCD6B53004A57FD /* JCDecauxProjectTests.xctest */,
				0FCDF06F1FCD6B53004A57FD /* JCDecauxProjectUITests.xctest */,
			);
			name = Products;
			sourceTree = "<group>";
		};
		0FCDF0521FCD6B53004A57FD /* JCDecauxProject */ = {
			isa = PBXGroup;
			children = (
				0FCDF0531FCD6B53004A57FD /* AppDelegate.swift */,
				0FCDF0551FCD6B53004A57FD /* ViewController.swift */,
				0FCDF0571FCD6B53004A57FD /* Main.storyboard */,
				0FCDF05A1FCD6B53004A57FD /* Assets.xcassets */,
				0FCDF05C1FCD6B53004A57FD /* LaunchScreen.storyboard */,
				0FCDF05F1FCD6B53004A57FD /* Info.plist */,
			);
			path = JCDecauxProject;
			sourceTree = "<group>";
		};
		0FCDF0671FCD6B53004A57FD /* JCDecauxProjectTests */ = {
			isa = PBXGroup;
			children = (
				0FCDF0681FCD6B53004A57FD /* JCDecauxProjectTests.swift */,
				0FCDF06A1FCD6B53004A57FD /* Info.plist */,
			);
			path = JCDecauxProjectTests;
			sourceTree = "<group>";
		};
		0FCDF0721FCD6B53004A57FD /* JCDecauxProjectUITests */ = {
			isa = PBXGroup;
			children = (
				0FCDF0731FCD6B53004A57FD /* JCDecauxProjectUITests.swift */,
				0FCDF0751FCD6B53004A57FD /* Info.plist */,
			);
			path = JCDecauxProjectUITests;
			sourceTree = "<group>";
		};
/* End PBXGroup section */

/* Begin PBXNativeTarget section */
		0FCDF04F1FCD6B53004A57FD /* JCDecauxProject */ = {
			isa = PBXNativeTarget;
			buildConfigurationList = 0FCDF0781FCD6B53004A57FD /* Build configuration list for PBXNativeTarget "JCDecauxProject" */;
			buildPhases = (
				0FCDF04C1FCD6B53004A57FD /* Sources */,
				0FCDF04D1FCD6B53004A57FD /* Frameworks */,
				0FCDF04E1FCD6B53004A57FD /* Resources */,
			);
			buildRules = (
			);
			dependencies = (
			);
			name = JCDecauxProject;
			productName = JCDecauxProject;
			productReference = 0FCDF0501FCD6B53004A57FD /* JCDecauxProject.app */;
			productType = "com.apple.product-type.application";
		};
		0FCDF0631FCD6B53004A57FD /* JCDecauxProjectTests */ = {
			isa = PBXNativeTarget;
			buildConfigurationList = 0FCDF07B1FCD6B53004A57FD /* Build configuration list for PBXNativeTarget "JCDecauxProjectTests" */;
			buildPhases = (
				0FCDF0601FCD6B53004A57FD /* Sources */,
				0FCDF0611FCD6B53004A57FD /* Frameworks */,
				0FCDF0621FCD6B53004A57FD /* Resources */,
			);
			buildRules = (
			);
			dependencies = (
				0FCDF0661FCD6B53004A57FD /* PBXTargetDependency */,
			);
			name = JCDecauxProjectTests;
			productName = JCDecauxProjectTests;
			productReference = 0FCDF0641FCD6B53004A57FD /* JCDecauxProjectTests.xctest */;
			productType = "com.apple.product-type.bundle.unit-test";
		};
		0FCDF06E1FCD6B53004A57FD /* JCDecauxProjectUITests */ = {
			isa = PBXNativeTarget;
			buildConfigurationList = 0FCDF07E1FCD6B53004A57FD /* Build configuration list for PBXNativeTarget "JCDecauxProjectUITests" */;
			buildPhases = (
				0FCDF06B1FCD6B53004A57FD /* Sources */,
				0FCDF06C1FCD6B53004A57FD /* Frameworks */,
				0FCDF06D1FCD6B53004A57FD /* Resources */,
			);
			buildRules = (
			);
			dependencies = (
				0FCDF0711FCD6B53004A57FD /* PBXTargetDependency */,
			);
			name = JCDecauxProjectUITests;
			productName = JCDecauxProjectUITests;
			productReference = 0FCDF06F1FCD6B53004A57FD /* JCDecauxProjectUITests.xctest */;
			productType = "com.apple.product-type.bundle.ui-testing";
		};
/* End PBXNativeTarget section */

/* Begin PBXProject section */
		0FCDF0481FCD6B53004A57FD /* Project object */ = {
			isa = PBXProject;
			attributes = {
				LastSwiftUpdateCheck = 0910;
				LastUpgradeCheck = 0910;
				ORGANIZATIONNAME = "jeremy ballot";
				TargetAttributes = {
					0FCDF04F1FCD6B53004A57FD = {
						CreatedOnToolsVersion = 9.1;
						ProvisioningStyle = Automatic;
					};
					0FCDF0631FCD6B53004A57FD = {
						CreatedOnToolsVersion = 9.1;
						ProvisioningStyle = Automatic;
						TestTargetID = 0FCDF04F1FCD6B53004A57FD;
					};
					0FCDF06E1FCD6B53004A57FD = {
						CreatedOnToolsVersion = 9.1;
						ProvisioningStyle = Automatic;
						TestTargetID = 0FCDF04F1FCD6B53004A57FD;
					};
				};
			};
			buildConfigurationList = 0FCDF04B1FCD6B53004A57FD /* Build configuration list for PBXProject "JCDecauxProject" */;
			compatibilityVersion = "Xcode 8.0";
			developmentRegion = en;
			hasScannedForEncodings = 0;
			knownRegions = (
				en,
				Base,
			);
			mainGroup = 0FCDF0471FCD6B53004A57FD;
			productRefGroup = 0FCDF0511FCD6B53004A57FD /* Products */;
			projectDirPath = "";
			projectRoot = "";
			targets = (
				0FCDF04F1FCD6B53004A57FD /* JCDecauxProject */,
				0FCDF0631FCD6B53004A57FD /* JCDecauxProjectTests */,
				0FCDF06E1FCD6B53004A57FD /* JCDecauxProjectUITests */,
			);
		};
/* End PBXProject section */

/* Begin PBXResourcesBuildPhase section */
		0FCDF04E1FCD6B53004A57FD /* Resources */ = {
			isa = PBXResourcesBuildPhase;
			buildActionMask = 2147483647;
			files = (
				0FCDF05E1FCD6B53004A57FD /* LaunchScreen.storyboard in Resources */,
				0FCDF05B1FCD6B53004A57FD /* Assets.xcassets in Resources */,
				0FCDF0591FCD6B53004A57FD /* Main.storyboard in Resources */,
			);
			runOnlyForDeploymentPostprocessing = 0;
		};
		0FCDF0621FCD6B53004A57FD /* Resources */ = {
			isa = PBXResourcesBuildPhase;
			buildActionMask = 2147483647;
			files = (
			);
			runOnlyForDeploymentPostprocessing = 0;
		};
		0FCDF06D1FCD6B53004A57FD /* Resources */ = {
			isa = PBXResourcesBuildPhase;
			buildActionMask = 2147483647;
			files = (
			);
			runOnlyForDeploymentPostprocessing = 0;
		};
/* End PBXResourcesBuildPhase section */

/* Begin PBXSourcesBuildPhase section */
		0FCDF04C1FCD6B53004A57FD /* Sources */ = {
			isa = PBXSourcesBuildPhase;
			buildActionMask = 2147483647;
			files = (
				0FCDF0561FCD6B53004A57FD /* ViewController.swift in Sources */,
				0FCDF0541FCD6B53004A57FD /* AppDelegate.swift in Sources */,
			);
			runOnlyForDeploymentPostprocessing = 0;
		};
		0FCDF0601FCD6B53004A57FD /* Sources */ = {
			isa = PBXSourcesBuildPhase;
			buildActionMask = 2147483647;
			files = (
				0FCDF0691FCD6B53004A57FD /* JCDecauxProjectTests.swift in Sources */,
			);
			runOnlyForDeploymentPostprocessing = 0;
		};
		0FCDF06B1FCD6B53004A57FD /* Sources */ = {
			isa = PBXSourcesBuildPhase;
			buildActionMask = 2147483647;
			files = (
				0FCDF0741FCD6B53004A57FD /* JCDecauxProjectUITests.swift in Sources */,
			);
			runOnlyForDeploymentPostprocessing = 0;
		};
/* End PBXSourcesBuildPhase section */

/* Begin PBXTargetDependency section */
		0FCDF0661FCD6B53004A57FD /* PBXTargetDependency */ = {
			isa = PBXTargetDependency;
			target = 0FCDF04F1FCD6B53004A57FD /* JCDecauxProject */;
			targetProxy = 0FCDF0651FCD6B53004A57FD /* PBXContainerItemProxy */;
		};
		0FCDF0711FCD6B53004A57FD /* PBXTargetDependency */ = {
			isa = PBXTargetDependency;
			target = 0FCDF04F1FCD6B53004A57FD /* JCDecauxProject */;
			targetProxy = 0FCDF0701FCD6B53004A57FD /* PBXContainerItemProxy */;
		};
/* End PBXTargetDependency section */

/* Begin PBXVariantGroup section */
		0FCDF0571FCD6B53004A57FD /* Main.storyboard */ = {
			isa = PBXVariantGroup;
			children = (
				0FCDF0581FCD6B53004A57FD /* Base */,
			);
			name = Main.storyboard;
			sourceTree = "<group>";
		};
		0FCDF05C1FCD6B53004A57FD /* LaunchScreen.storyboard */ = {
			isa = PBXVariantGroup;
			children = (
				0FCDF05D1FCD6B53004A57FD /* Base */,
			);
			name = LaunchScreen.storyboard;
			sourceTree = "<group>";
		};
/* End PBXVariantGroup section */

/* Begin XCBuildConfiguration section */
		0FCDF0761FCD6B53004A57FD /* Debug */ = {
			isa = XCBuildConfiguration;
			buildSettings = {
				ALWAYS_SEARCH_USER_PATHS = NO;
				CLANG_ANALYZER_NONNULL = YES;
				CLANG_ANALYZER_NUMBER_OBJECT_CONVERSION = YES_AGGRESSIVE;
				CLANG_CXX_LANGUAGE_STANDARD = "gnu++14";
				CLANG_CXX_LIBRARY = "libc++";
				CLANG_ENABLE_MODULES = YES;
				CLANG_ENABLE_OBJC_ARC = YES;
				CLANG_WARN_BLOCK_CAPTURE_AUTORELEASING = YES;
				CLANG_WARN_BOOL_CONVERSION = YES;
				CLANG_WARN_COMMA = YES;
				CLANG_WARN_CONSTANT_CONVERSION = YES;
				CLANG_WARN_DIRECT_OBJC_ISA_USAGE = YES_ERROR;
				CLANG_WARN_DOCUMENTATION_COMMENTS = YES;
				CLANG_WARN_EMPTY_BODY = YES;
				CLANG_WARN_ENUM_CONVERSION = YES;
				CLANG_WARN_INFINITE_RECURSION = YES;
				CLANG_WARN_INT_CONVERSION = YES;
				CLANG_WARN_NON_LITERAL_NULL_CONVERSION = YES;
				CLANG_WARN_OBJC_LITERAL_CONVERSION = YES;
				CLANG_WARN_OBJC_ROOT_CLASS = YES_ERROR;
				CLANG_WARN_RANGE_LOOP_ANALYSIS = YES;
				CLANG_WARN_STRICT_PROTOTYPES = YES;
				CLANG_WARN_SUSPICIOUS_MOVE = YES;
				CLANG_WARN_UNGUARDED_AVAILABILITY = YES_AGGRESSIVE;
				CLANG_WARN_UNREACHABLE_CODE = YES;
				CLANG_WARN__DUPLICATE_METHOD_MATCH = YES;
				CODE_SIGN_IDENTITY = "iPhone Developer";
				COPY_PHASE_STRIP = NO;
				DEBUG_INFORMATION_FORMAT = dwarf;
				ENABLE_STRICT_OBJC_MSGSEND = YES;
				ENABLE_TESTABILITY = YES;
				GCC_C_LANGUAGE_STANDARD = gnu11;
				GCC_DYNAMIC_NO_PIC = NO;
				GCC_NO_COMMON_BLOCKS = YES;
				GCC_OPTIMIZATION_LEVEL = 0;
				GCC_PREPROCESSOR_DEFINITIONS = (
					"DEBUG=1",
					"$(inherited)",
				);
				GCC_WARN_64_TO_32_BIT_CONVERSION = YES;
				GCC_WARN_ABOUT_RETURN_TYPE = YES_ERROR;
				GCC_WARN_UNDECLARED_SELECTOR = YES;
				GCC_WARN_UNINITIALIZED_AUTOS = YES_AGGRESSIVE;
				GCC_WARN_UNUSED_FUNCTION = YES;
				GCC_WARN_UNUSED_VARIABLE = YES;
				IPHONEOS_DEPLOYMENT_TARGET = 11.1;
				MTL_ENABLE_DEBUG_INFO = YES;
				ONLY_ACTIVE_ARCH = YES;
				SDKROOT = iphoneos;
				SWIFT_ACTIVE_COMPILATION_CONDITIONS = DEBUG;
				SWIFT_OPTIMIZATION_LEVEL = "-Onone";
			};
			name = Debug;
		};
		0FCDF0771FCD6B53004A57FD /* Release */ = {
			isa = XCBuildConfiguration;
			buildSettings = {
				ALWAYS_SEARCH_USER_PATHS = NO;
				CLANG_ANALYZER_NONNULL = YES;
				CLANG_ANALYZER_NUMBER_OBJECT_CONVERSION = YES_AGGRESSIVE;
				CLANG_CXX_LANGUAGE_STANDARD = "gnu++14";
				CLANG_CXX_LIBRARY = "libc++";
				CLANG_ENABLE_MODULES = YES;
				CLANG_ENABLE_OBJC_ARC = YES;
				CLANG_WARN_BLOCK_CAPTURE_AUTORELEASING = YES;
				CLANG_WARN_BOOL_CONVERSION = YES;
				CLANG_WARN_COMMA = YES;
				CLANG_WARN_CONSTANT_CONVERSION = YES;
				CLANG_WARN_DIRECT_OBJC_ISA_USAGE = YES_ERROR;
				CLANG_WARN_DOCUMENTATION_COMMENTS = YES;
				CLANG_WARN_EMPTY_BODY = YES;
				CLANG_WARN_ENUM_CONVERSION = YES;
				CLANG_WARN_INFINITE_RECURSION = YES;
				CLANG_WARN_INT_CONVERSION = YES;
				CLANG_WARN_NON_LITERAL_NULL_CONVERSION = YES;
				CLANG_WARN_OBJC_LITERAL_CONVERSION = YES;
				CLANG_WARN_OBJC_ROOT_CLASS = YES_ERROR;
				CLANG_WARN_RANGE_LOOP_ANALYSIS = YES;
				CLANG_WARN_STRICT_PROTOTYPES = YES;
				CLANG_WARN_SUSPICIOUS_MOVE = YES;
				CLANG_WARN_UNGUARDED_AVAILABILITY = YES_AGGRESSIVE;
				CLANG_WARN_UNREACHABLE_CODE = YES;
				CLANG_WARN__DUPLICATE_METHOD_MATCH = YES;
				CODE_SIGN_IDENTITY = "iPhone Developer";
				COPY_PHASE_STRIP = NO;
				DEBUG_INFORMATION_FORMAT = "dwarf-with-dsym";
				ENABLE_NS_ASSERTIONS = NO;
				ENABLE_STRICT_OBJC_MSGSEND = YES;
				GCC_C_LANGUAGE_STANDARD = gnu11;
				GCC_NO_COMMON_BLOCKS = YES;
				GCC_WARN_64_TO_32_BIT_CONVERSION = YES;
				GCC_WARN_ABOUT_RETURN_TYPE = YES_ERROR;
				GCC_WARN_UNDECLARED_SELECTOR = YES;
				GCC_WARN_UNINITIALIZED_AUTOS = YES_AGGRESSIVE;
				GCC_WARN_UNUSED_FUNCTION = YES;
				GCC_WARN_UNUSED_VARIABLE = YES;
				IPHONEOS_DEPLOYMENT_TARGET = 11.1;
				MTL_ENABLE_DEBUG_INFO = NO;
				SDKROOT = iphoneos;
				SWIFT_OPTIMIZATION_LEVEL = "-Owholemodule";
				VALIDATE_PRODUCT = YES;
			};
			name = Release;
		};
		0FCDF0791FCD6B53004A57FD /* Debug */ = {
			isa = XCBuildConfiguration;
			buildSettings = {
				ASSETCATALOG_COMPILER_APPICON_NAME = AppIcon;
				CODE_SIGN_STYLE = Automatic;
				INFOPLIST_FILE = JCDecauxProject/Info.plist;
				LD_RUNPATH_SEARCH_PATHS = "$(inherited) @executable_path/Frameworks";
				PRODUCT_BUNDLE_IDENTIFIER = Velov.JCDecauxProject;
				PRODUCT_NAME = "$(TARGET_NAME)";
				SWIFT_VERSION = 4.0;
				TARGETED_DEVICE_FAMILY = "1,2";
			};
			name = Debug;
		};
		0FCDF07A1FCD6B53004A57FD /* Release */ = {
			isa = XCBuildConfiguration;
			buildSettings = {
				ASSETCATALOG_COMPILER_APPICON_NAME = AppIcon;
				CODE_SIGN_STYLE = Automatic;
				INFOPLIST_FILE = JCDecauxProject/Info.plist;
				LD_RUNPATH_SEARCH_PATHS = "$(inherited) @executable_path/Frameworks";
				PRODUCT_BUNDLE_IDENTIFIER = Velov.JCDecauxProject;
				PRODUCT_NAME = "$(TARGET_NAME)";
				SWIFT_VERSION = 4.0;
				TARGETED_DEVICE_FAMILY = "1,2";
			};
			name = Release;
		};
		0FCDF07C1FCD6B53004A57FD /* Debug */ = {
			isa = XCBuildConfiguration;
			buildSettings = {
				ALWAYS_EMBED_SWIFT_STANDARD_LIBRARIES = YES;
				BUNDLE_LOADER = "$(TEST_HOST)";
				CODE_SIGN_STYLE = Automatic;
				INFOPLIST_FILE = JCDecauxProjectTests/Info.plist;
				LD_RUNPATH_SEARCH_PATHS = "$(inherited) @executable_path/Frameworks @loader_path/Frameworks";
				PRODUCT_BUNDLE_IDENTIFIER = Velov.JCDecauxProjectTests;
				PRODUCT_NAME = "$(TARGET_NAME)";
				SWIFT_VERSION = 4.0;
				TARGETED_DEVICE_FAMILY = "1,2";
				TEST_HOST = "$(BUILT_PRODUCTS_DIR)/JCDecauxProject.app/JCDecauxProject";
			};
			name = Debug;
		};
		0FCDF07D1FCD6B53004A57FD /* Release */ = {
			isa = XCBuildConfiguration;
			buildSettings = {
				ALWAYS_EMBED_SWIFT_STANDARD_LIBRARIES = YES;
				BUNDLE_LOADER = "$(TEST_HOST)";
				CODE_SIGN_STYLE = Automatic;
				INFOPLIST_FILE = JCDecauxProjectTests/Info.plist;
				LD_RUNPATH_SEARCH_PATHS = "$(inherited) @executable_path/Frameworks @loader_path/Frameworks";
				PRODUCT_BUNDLE_IDENTIFIER = Velov.JCDecauxProjectTests;
				PRODUCT_NAME = "$(TARGET_NAME)";
				SWIFT_VERSION = 4.0;
				TARGETED_DEVICE_FAMILY = "1,2";
				TEST_HOST = "$(BUILT_PRODUCTS_DIR)/JCDecauxProject.app/JCDecauxProject";
			};
			name = Release;
		};
		0FCDF07F1FCD6B53004A57FD /* Debug */ = {
			isa = XCBuildConfiguration;
			buildSettings = {
				ALWAYS_EMBED_SWIFT_STANDARD_LIBRARIES = YES;
				CODE_SIGN_STYLE = Automatic;
				INFOPLIST_FILE = JCDecauxProjectUITests/Info.plist;
				LD_RUNPATH_SEARCH_PATHS = "$(inherited) @executable_path/Frameworks @loader_path/Frameworks";
				PRODUCT_BUNDLE_IDENTIFIER = Velov.JCDecauxProjectUITests;
				PRODUCT_NAME = "$(TARGET_NAME)";
				SWIFT_VERSION = 4.0;
				TARGETED_DEVICE_FAMILY = "1,2";
				TEST_TARGET_NAME = JCDecauxProject;
			};
			name = Debug;
		};
		0FCDF0801FCD6B53004A57FD /* Release */ = {
			isa = XCBuildConfiguration;
			buildSettings = {
				ALWAYS_EMBED_SWIFT_STANDARD_LIBRARIES = YES;
				CODE_SIGN_STYLE = Automatic;
				INFOPLIST_FILE = JCDecauxProjectUITests/Info.plist;
				LD_RUNPATH_SEARCH_PATHS = "$(inherited) @executable_path/Frameworks @loader_path/Frameworks";
				PRODUCT_BUNDLE_IDENTIFIER = Velov.JCDecauxProjectUITests;
				PRODUCT_NAME = "$(TARGET_NAME)";
				SWIFT_VERSION = 4.0;
				TARGETED_DEVICE_FAMILY = "1,2";
				TEST_TARGET_NAME = JCDecauxProject;
			};
			name = Release;
		};
/* End XCBuildConfiguration section */

/* Begin XCConfigurationList section */
		0FCDF04B1FCD6B53004A57FD /* Build configuration list for PBXProject "JCDecauxProject" */ = {
			isa = XCConfigurationList;
			buildConfigurations = (
				0FCDF0761FCD6B53004A57FD /* Debug */,
				0FCDF0771FCD6B53004A57FD /* Release */,
			);
			defaultConfigurationIsVisible = 0;
			defaultConfigurationName = Release;
		};
		0FCDF0781FCD6B53004A57FD /* Build configuration list for PBXNativeTarget "JCDecauxProject" */ = {
			isa = XCConfigurationList;
			buildConfigurations = (
				0FCDF0791FCD6B53004A57FD /* Debug */,
				0FCDF07A1FCD6B53004A57FD /* Release */,
			);
			defaultConfigurationIsVisible = 0;
			defaultConfigurationName = Release;
		};
		0FCDF07B1FCD6B53004A57FD /* Build configuration list for PBXNativeTarget "JCDecauxProjectTests" */ = {
			isa = XCConfigurationList;
			buildConfigurations = (
				0FCDF07C1FCD6B53004A57FD /* Debug */,
				0FCDF07D1FCD6B53004A57FD /* Release */,
			);
			defaultConfigurationIsVisible = 0;
			defaultConfigurationName = Release;
		};
		0FCDF07E1FCD6B53004A57FD /* Build configuration list for PBXNativeTarget "JCDecauxProjectUITests" */ = {
			isa = XCConfigurationList;
			buildConfigurations = (
				0FCDF07F1FCD6B53004A57FD /* Debug */,
				0FCDF0801FCD6B53004A57FD /* Release */,
			);
			defaultConfigurationIsVisible = 0;
			defaultConfigurationName = Release;
		};
/* End XCConfigurationList section */
	};
	rootObject = 0FCDF0481FCD6B53004A57FD /* Project object */;
}
